
Microsoft Visual Studio Solution File, Format Version 12.00
# Visual Studio Version 16
VisualStudioVersion = 16.0.30804.86
MinimumVisualStudioVersion = 10.0.40219.1
Project("{8BC9CEB8-8B4A-11D0-8D11-00A0C91BC942}") = "Pointers", "Pointers\Pointers.vcxproj", "{F807992B-04B7-45A8-BBB6-AF46D7CC1D79}"
EndProject
Project("{8BC9CEB8-8B4A-11D0-8D11-00A0C91BC942}") = "Parameters", "Parameters\Parameters.vcxproj", "{164002DF-0E37-4EE6-B8C7-BD9DF72C65E4}"
EndProject
Project("{8BC9CEB8-8B4A-11D0-8D11-00A0C91BC942}") = "Dynamic Memory", "Dynamic Memory\Dynamic Memory.vcxproj", "{F3B995AC-EAF8-4237-878D-321C67034E63}"
EndProject
Global
	GlobalSection(SolutionConfigurationPlatforms) = preSolution
		Debug|x64 = Debug|x64
		Debug|x86 = Debug|x86
		Release|x64 = Release|x64
		Release|x86 = Release|x86
	EndGlobalSection
	GlobalSection(ProjectConfigurationPlatforms) = postSolution
		{F807992B-04B7-45A8-BBB6-AF46D7CC1D79}.Debug|x64.ActiveCfg = Debug|x64
		{F807992B-04B7-45A8-BBB6-AF46D7CC1D79}.Debug|x64.Build.0 = Debug|x64
		{F807992B-04B7-45A8-BBB6-AF46D7CC1D79}.Debug|x86.ActiveCfg = Debug|Win32
		{F807992B-04B7-45A8-BBB6-AF46D7CC1D79}.Debug|x86.Build.0 = Debug|Win32
		{F807992B-04B7-45A8-BBB6-AF46D7CC1D79}.Release|x64.ActiveCfg = Release|x64
		{F807992B-04B7-45A8-BBB6-AF46D7CC1D79}.Release|x64.Build.0 = Release|x64
		{F807992B-04B7-45A8-BBB6-AF46D7CC1D79}.Release|x86.ActiveCfg = Release|Win32
		{F807992B-04B7-45A8-BBB6-AF46D7CC1D79}.Release|x86.Build.0 = Release|Win32
		{164002DF-0E37-4EE6-B8C7-BD9DF72C65E4}.Debug|x64.ActiveCfg = Debug|x64
		{164002DF-0E37-4EE6-B8C7-BD9DF72C65E4}.Debug|x64.Build.0 = Debug|x64
		{164002DF-0E37-4EE6-B8C7-BD9DF72C65E4}.Debug|x86.ActiveCfg = Debug|Win32
		{164002DF-0E37-4EE6-B8C7-BD9DF72C65E4}.Debug|x86.Build.0 = Debug|Win32
		{164002DF-0E37-4EE6-B8C7-BD9DF72C65E4}.Release|x64.ActiveCfg = Release|x64
		{164002DF-0E37-4EE6-B8C7-BD9DF72C65E4}.Release|x64.Build.0 = Release|x64
		{164002DF-0E37-4EE6-B8C7-BD9DF72C65E4}.Release|x86.ActiveCfg = Release|Win32
		{164002DF-0E37-4EE6-B8C7-BD9DF72C65E4}.Release|x86.Build.0 = Release|Win32
		{F3B995AC-EAF8-4237-878D-321C67034E63}.Debug|x64.ActiveCfg = Debug|x64
		{F3B995AC-EAF8-4237-878D-321C67034E63}.Debug|x64.Build.0 = Debug|x64
		{F3B995AC-EAF8-4237-878D-321C67034E63}.Debug|x86.ActiveCfg = Debug|Win32
		{F3B995AC-EAF8-4237-878D-321C67034E63}.Debug|x86.Build.0 = Debug|Win32
		{F3B995AC-EAF8-4237-878D-321C67034E63}.Release|x64.ActiveCfg = Release|x64
		{F3B995AC-EAF8-4237-878D-321C67034E63}.Release|x64.Build.0 = Release|x64
		{F3B995AC-EAF8-4237-878D-321C67034E63}.Release|x86.ActiveCfg = Release|Win32
		{F3B995AC-EAF8-4237-878D-321C67034E63}.Release|x86.Build.0 = Release|Win32
	EndGlobalSection
	GlobalSection(SolutionProperties) = preSolution
		HideSolutionNode = FALSE
	EndGlobalSection
	GlobalSection(ExtensibilityGlobals) = postSolution
		SolutionGuid = {3F38BD10-F5E6-4765-889F-E0D0483CC18C}
	EndGlobalSection
EndGlobal
